{
  "nodes": {
    "nixpkgs": {
      "locked": {
        "lastModified": 1743095683,
        "narHash": "sha256-gWd4urRoLRe8GLVC/3rYRae1h+xfQzt09xOfb0PaHSk=",
        "owner": "NixOS",
        "repo": "nixpkgs",
        "rev": "5e5402ecbcb27af32284d4a62553c019a3a49ea6",
        "type": "github"
      },
      "original": {
        "owner": "NixOS",
        "ref": "nixos-unstable",
        "repo": "nixpkgs",
        "type": "github"
      }
    },
    "root": {
      "inputs": {
        "nixpkgs": "nixpkgs",
        "zeitfetch-src": "zeitfetch-src"
      }
    },
    "zeitfetch-src": {
      "flake": false,
      "locked": {
        "lastModified": 1732668947,
        "narHash": "sha256-VSwEPAJStiEtnCl/UOA1nxtiLupMnizQyidmen2Ytls=",
        "owner": "nidnogg",
        "repo": "zeitfetch",
        "rev": "5918a2817b91a51f3577d569f50c46066c0b4546",
        "type": "github"
      },
      "original": {
        "owner": "nidnogg",
        "repo": "zeitfetch",
        "type": "github"
      }
    }
  },
  "root": "root",
  "version": 7
}
